// !$*UTF8*$!
{
	archiveVersion = 1;
	classes = {
	};
	objectVersion = 46;
	objects = {

/* Begin PBXBuildFile section */
		4874FDBC1CC1772100DC7A50 /* main.m in Sources */ = {isa = PBXBuildFile; fileRef = 4874FDBB1CC1772100DC7A50 /* main.m */; };
		4874FDBF1CC1775600DC7A50 /* VMLogUtility.m in Sources */ = {isa = PBXBuildFile; fileRef = 4874FDBE1CC1775600DC7A50 /* VMLogUtility.m */; };
/* End PBXBuildFile section */

/* Begin PBXCopyFilesBuildPhase section */
		4874FDAB1CC173D200DC7A50 /* CopyFiles */ = {
			isa = PBXCopyFilesBuildPhase;
			buildActionMask = 2147483647;
			dstPath = /usr/share/man/man1/;
			dstSubfolderSpec = 0;
			files = (
			);
			runOnlyForDeploymentPostprocessing = 1;
		};
/* End PBXCopyFilesBuildPhase section */

/* Begin PBXFileReference section */
		4874FDAD1CC173D200DC7A50 /* TerminalColorLog_Objc */ = {isa = PBXFileReference; explicitFileType = "compiled.mach-o.executable"; includeInIndex = 0; path = TerminalColorLog_Objc; sourceTree = BUILT_PRODUCTS_DIR; };
		4874FDBB1CC1772100DC7A50 /* main.m */ = {isa = PBXFileReference; fileEncoding = 4; lastKnownFileType = sourcecode.c.objc; path = main.m; sourceTree = SOURCE_ROOT; };
		4874FDBD1CC1775600DC7A50 /* VMLogUtility.h */ = {isa = PBXFileReference; fileEncoding = 4; lastKnownFileType = sourcecode.c.h; path = VMLogUtility.h; sourceTree = SOURCE_ROOT; };
		4874FDBE1CC1775600DC7A50 /* VMLogUtility.m */ = {isa = PBXFileReference; fileEncoding = 4; lastKnownFileType = sourcecode.c.objc; path = VMLogUtility.m; sourceTree = SOURCE_ROOT; };
/* End PBXFileReference section */

/* Begin PBXFrameworksBuildPhase section */
		4874FDAA1CC173D200DC7A50 /* Frameworks */ = {
			isa = PBXFrameworksBuildPhase;
			buildActionMask = 2147483647;
			files = (
			);
			runOnlyForDeploymentPostprocessing = 0;
		};
/* End PBXFrameworksBuildPhase section */

/* Begin PBXGroup section */
		4874FDA41CC173D200DC7A50 = {
			isa = PBXGroup;
			children = (
				4874FDAF1CC173D200DC7A50 /* TerminalColorLog_Objc */,
				4874FDAE1CC173D200DC7A50 /* Products */,
			);
			sourceTree = "<group>";
		};
		4874FDAE1CC173D200DC7A50 /* Products */ = {
			isa = PBXGroup;
			children = (
				4874FDAD1CC173D200DC7A50 /* TerminalColorLog_Objc */,
			);
			name = Products;
			sourceTree = "<group>";
		};
		4874FDAF1CC173D200DC7A50 /* TerminalColorLog_Objc */ = {
			isa = PBXGroup;
			children = (
				4874FDBB1CC1772100DC7A50 /* main.m */,
				4874FDBD1CC1775600DC7A50 /* VMLogUtility.h */,
				4874FDBE1CC1775600DC7A50 /* VMLogUtility.m */,
			);
			path = TerminalColorLog_Objc;
			sourceTree = "<group>";
		};
/* End PBXGroup section */

/* Begin PBXNativeTarget section */
		4874FDAC1CC173D200DC7A50 /* TerminalColorLog_Objc */ = {
			isa = PBXNativeTarget;
			buildConfigurationList = 4874FDB41CC173D200DC7A50 /* Build configuration list for PBXNativeTarget "TerminalColorLog_Objc" */;
			buildPhases = (
				4874FDA91CC173D200DC7A50 /* Sources */,
				4874FDAA1CC173D200DC7A50 /* Frameworks */,
				4874FDAB1CC173D200DC7A50 /* CopyFiles */,
			);
			buildRules = (
			);
			dependencies = (
			);
			name = TerminalColorLog_Objc;
			productName = TerminalColorLog_Objc;
			productReference = 4874FDAD1CC173D200DC7A50 /* TerminalColorLog_Objc */;
			productType = "com.apple.product-type.tool";
		};
/* End PBXNativeTarget section */

/* Begin PBXProject section */
		4874FDA51CC173D200DC7A50 /* Project object */ = {
			isa = PBXProject;
			attributes = {
				LastUpgradeCheck = 0710;
				ORGANIZATIONNAME = Velmurugan;
				TargetAttributes = {
					4874FDAC1CC173D200DC7A50 = {
						CreatedOnToolsVersion = 7.1.1;
					};
				};
			};
			buildConfigurationList = 4874FDA81CC173D200DC7A50 /* Build configuration list for PBXProject "TerminalColorLog_Objc" */;
			compatibilityVersion = "Xcode 3.2";
			developmentRegion = English;
			hasScannedForEncodings = 0;
			knownRegions = (
				en,
			);
			mainGroup = 4874FDA41CC173D200DC7A50;
			productRefGroup = 4874FDAE1CC173D200DC7A50 /* Products */;
			projectDirPath = "";
			projectRoot = "";
			targets = (
				4874FDAC1CC173D200DC7A50 /* TerminalColorLog_Objc */,
			);
		};
/* End PBXProject section */

/* Begin PBXSourcesBuildPhase section */
		4874FDA91CC173D200DC7A50 /* Sources */ = {
			isa = PBXSourcesBuildPhase;
			buildActionMask = 2147483647;
			files = (
				4874FDBF1CC1775600DC7A50 /* VMLogUtility.m in Sources */,
				4874FDBC1CC1772100DC7A50 /* main.m in Sources */,
			);
			runOnlyForDeploymentPostprocessing = 0;
		};
/* End PBXSourcesBuildPhase section */

/* Begin XCBuildConfiguration section */
		4874FDB21CC173D200DC7A50 /* Debug */ = {
			isa = XCBuildConfiguration;
			buildSettings = {
				ALWAYS_SEARCH_USER_PATHS = NO;
				CLANG_CXX_LANGUAGE_STANDARD = "gnu++0x";
				CLANG_CXX_LIBRARY = "libc++";
				CLANG_ENABLE_MODULES = YES;
				CLANG_ENABLE_OBJC_ARC = YES;
				CLANG_WARN_BOOL_CONVERSION = YES;
				CLANG_WARN_CONSTANT_CONVERSION = YES;
				CLANG_WARN_DIRECT_OBJC_ISA_USAGE = YES_ERROR;
				CLANG_WARN_EMPTY_BODY = YES;
				CLANG_WARN_ENUM_CONVERSION = YES;
				CLANG_WARN_INT_CONVERSION = YES;
				CLANG_WARN_OBJC_ROOT_CLASS = YES_ERROR;
				CLANG_WARN_UNREACHABLE_CODE = YES;
				CLANG_WARN__DUPLICATE_METHOD_MATCH = YES;
				CODE_SIGN_IDENTITY = "-";
				COPY_PHASE_STRIP = NO;
				DEBUG_INFORMATION_FORMAT = dwarf;
				ENABLE_STRICT_OBJC_MSGSEND = YES;
				ENABLE_TESTABILITY = YES;
				GCC_C_LANGUAGE_STANDARD = gnu99;
				GCC_DYNAMIC_NO_PIC = NO;
				GCC_NO_COMMON_BLOCKS = YES;
				GCC_OPTIMIZATION_LEVEL = 0;
				GCC_PREPROCESSOR_DEFINITIONS = (
					"DEBUG=1",
					"$(inherited)",
				);
				GCC_WARN_64_TO_32_BIT_CONVERSION = YES;
				GCC_WARN_ABOUT_RETURN_TYPE = YES_ERROR;
				GCC_WARN_UNDECLARED_SELECTOR = YES;
				GCC_WARN_UNINITIALIZED_AUTOS = YES_AGGRESSIVE;
				GCC_WARN_UNUSED_FUNCTION = YES;
				GCC_WARN_UNUSED_VARIABLE = YES;
				MACOSX_DEPLOYMENT_TARGET = 10.10;
				MTL_ENABLE_DEBUG_INFO = YES;
				ONLY_ACTIVE_ARCH = YES;
				SDKROOT = macosx;
			};
			name = Debug;
		};
		4874FDB31CC173D200DC7A50 /* Release */ = {
			isa = XCBuildConfiguration;
			buildSettings = {
				ALWAYS_SEARCH_USER_PATHS = NO;
				CLANG_CXX_LANGUAGE_STANDARD = "gnu++0x";
				CLANG_CXX_LIBRARY = "libc++";
				CLANG_ENABLE_MODULES = YES;
				CLANG_ENABLE_OBJC_ARC = YES;
				CLANG_WARN_BOOL_CONVERSION = YES;
				CLANG_WARN_CONSTANT_CONVERSION = YES;
				CLANG_WARN_DIRECT_OBJC_ISA_USAGE = YES_ERROR;
				CLANG_WARN_EMPTY_BODY = YES;
				CLANG_WARN_ENUM_CONVERSION = YES;
				CLANG_WARN_INT_CONVERSION = YES;
				CLANG_WARN_OBJC_ROOT_CLASS = YES_ERROR;
				CLANG_WARN_UNREACHABLE_CODE = YES;
				CLANG_WARN__DUPLICATE_METHOD_MATCH = YES;
				CODE_SIGN_IDENTITY = "-";
				COPY_PHASE_STRIP = NO;
				DEBUG_INFORMATION_FORMAT = "dwarf-with-dsym";
				ENABLE_NS_ASSERTIONS = NO;
				ENABLE_STRICT_OBJC_MSGSEND = YES;
				GCC_C_LANGUAGE_STANDARD = gnu99;
				GCC_NO_COMMON_BLOCKS = YES;
				GCC_WARN_64_TO_32_BIT_CONVERSION = YES;
				GCC_WARN_ABOUT_RETURN_TYPE = YES_ERROR;
				GCC_WARN_UNDECLARED_SELECTOR = YES;
				GCC_WARN_UNINITIALIZED_AUTOS = YES_AGGRESSIVE;
				GCC_WARN_UNUSED_FUNCTION = YES;
				GCC_WARN_UNUSED_VARIABLE = YES;
				MACOSX_DEPLOYMENT_TARGET = 10.10;
				MTL_ENABLE_DEBUG_INFO = NO;
				SDKROOT = macosx;
			};
			name = Release;
		};
		4874FDB51CC173D200DC7A50 /* Debug */ = {
			isa = XCBuildConfiguration;
			buildSettings = {
				PRODUCT_NAME = "$(TARGET_NAME)";
			};
			name = Debug;
		};
		4874FDB61CC173D200DC7A50 /* Release */ = {
			isa = XCBuildConfiguration;
			buildSettings = {
				PRODUCT_NAME = "$(TARGET_NAME)";
			};
			name = Release;
		};
/* End XCBuildConfiguration section */

/* Begin XCConfigurationList section */
		4874FDA81CC173D200DC7A50 /* Build configuration list for PBXProject "TerminalColorLog_Objc" */ = {
			isa = XCConfigurationList;
			buildConfigurations = (
				4874FDB21CC173D200DC7A50 /* Debug */,
				4874FDB31CC173D200DC7A50 /* Release */,
			);
			defaultConfigurationIsVisible = 0;
			defaultConfigurationName = Release;
		};
		4874FDB41CC173D200DC7A50 /* Build configuration list for PBXNativeTarget "TerminalColorLog_Objc" */ = {
			isa = XCConfigurationList;
			buildConfigurations = (
				4874FDB51CC173D200DC7A50 /* Debug */,
				4874FDB61CC173D200DC7A50 /* Release */,
			);
			defaultConfigurationIsVisible = 0;
		};
/* End XCConfigurationList section */
	};
	rootObject = 4874FDA51CC173D200DC7A50 /* Project object */;
}
